
Microsoft Visual Studio Solution File, Format Version 12.00
# Visual Studio Version 17
VisualStudioVersion = 17.11.35312.102
MinimumVisualStudioVersion = 10.0.40219.1
Project("{FAE04EC0-301F-11D3-BF4B-00C04F79EFBC}") = "Boo_Store_Portal_Api", "Boo_Store_Portal_Api.csproj", "{65E3501A-DE2D-4CEF-8677-221E218F1B02}"
EndProject
Global
	GlobalSection(SolutionConfigurationPlatforms) = preSolution
		Debug|Any CPU = Debug|Any CPU
		Release|Any CPU = Release|Any CPU
	EndGlobalSection
	GlobalSection(ProjectConfigurationPlatforms) = postSolution
		{65E3501A-DE2D-4CEF-8677-221E218F1B02}.Debug|Any CPU.ActiveCfg = Debug|Any CPU
		{65E3501A-DE2D-4CEF-8677-221E218F1B02}.Debug|Any CPU.Build.0 = Debug|Any CPU
		{65E3501A-DE2D-4CEF-8677-221E218F1B02}.Release|Any CPU.ActiveCfg = Release|Any CPU
		{65E3501A-DE2D-4CEF-8677-221E218F1B02}.Release|Any CPU.Build.0 = Release|Any CPU
	EndGlobalSection
	GlobalSection(SolutionProperties) = preSolution
		HideSolutionNode = FALSE
	EndGlobalSection
	GlobalSection(ExtensibilityGlobals) = postSolution
		SolutionGuid = {B706FC8A-F01A-4CA0-AF1E-6B8AD59CAE71}
	EndGlobalSection
EndGlobal
